
Microsoft Visual Studio Solution File, Format Version 12.00
# Visual Studio Version 17
VisualStudioVersion = 17.14.36414.22
MinimumVisualStudioVersion = 10.0.40219.1
Project("{FAE04EC0-301F-11D3-BF4B-00C04F79EFBC}") = "WebAppMVC", "WebAppMVC\WebAppMVC.csproj", "{EC73BB81-6B31-42AC-8C2E-DBC05C000DAE}"
EndProject
Project("{FAE04EC0-301F-11D3-BF4B-00C04F79EFBC}") = "WebMiddleware", "WebMiddleware\WebMiddleware.csproj", "{6CEBD2DC-3736-4539-B0A7-F5EFB939FFC0}"
EndProject
Project("{FAE04EC0-301F-11D3-BF4B-00C04F79EFBC}") = "WebEndPoints", "WebEndPoints\WebEndPoints.csproj", "{477E97FB-C7A8-1D6E-B302-67A2EE683385}"
EndProject
Project("{FAE04EC0-301F-11D3-BF4B-00C04F79EFBC}") = "WebMVCCource", "WebMVCCource\WebMVCCource.csproj", "{9C4162C8-8706-42E5-A1EB-40668A67B7C4}"
EndProject
Project("{FAE04EC0-301F-11D3-BF4B-00C04F79EFBC}") = "StudentServices", "StudentServices\StudentServices.csproj", "{D70D6EE8-40C1-4304-AED1-75B4A86C5713}"
EndProject
Project("{FAE04EC0-301F-11D3-BF4B-00C04F79EFBC}") = "Labs4", "Labs4\Labs4.csproj", "{2F281AC7-58C0-4AB9-8A4B-69AA4BB8352C}"
EndProject
Project("{FAE04EC0-301F-11D3-BF4B-00C04F79EFBC}") = "WebMVCCourseDaoService", "WebMVCCourseDaoService\WebMVCCourseDaoService.csproj", "{E11FC4AA-3517-4925-BEF3-076D4D60259F}"
EndProject
Project("{FAE04EC0-301F-11D3-BF4B-00C04F79EFBC}") = "WebMVCStudentDaoService", "WebMVCStudentDaoService\WebMVCStudentDaoService.csproj", "{E6AC2720-5235-4437-9381-2D515BC69130}"
EndProject
Project("{FAE04EC0-301F-11D3-BF4B-00C04F79EFBC}") = "WebEFC", "WebEFC\WebEFC.csproj", "{51ECE4C8-CC2D-4F30-947C-077E1324499F}"
EndProject
Project("{FAE04EC0-301F-11D3-BF4B-00C04F79EFBC}") = "WebEFCStudent", "WebEFCStudent\WebEFCStudent.csproj", "{6E8856FB-F233-420C-A2DC-5F3A2029450D}"
EndProject
Global
	GlobalSection(SolutionConfigurationPlatforms) = preSolution
		Debug|Any CPU = Debug|Any CPU
		Release|Any CPU = Release|Any CPU
	EndGlobalSection
	GlobalSection(ProjectConfigurationPlatforms) = postSolution
		{EC73BB81-6B31-42AC-8C2E-DBC05C000DAE}.Debug|Any CPU.ActiveCfg = Debug|Any CPU
		{EC73BB81-6B31-42AC-8C2E-DBC05C000DAE}.Debug|Any CPU.Build.0 = Debug|Any CPU
		{EC73BB81-6B31-42AC-8C2E-DBC05C000DAE}.Release|Any CPU.ActiveCfg = Release|Any CPU
		{EC73BB81-6B31-42AC-8C2E-DBC05C000DAE}.Release|Any CPU.Build.0 = Release|Any CPU
		{6CEBD2DC-3736-4539-B0A7-F5EFB939FFC0}.Debug|Any CPU.ActiveCfg = Debug|Any CPU
		{6CEBD2DC-3736-4539-B0A7-F5EFB939FFC0}.Debug|Any CPU.Build.0 = Debug|Any CPU
		{6CEBD2DC-3736-4539-B0A7-F5EFB939FFC0}.Release|Any CPU.ActiveCfg = Release|Any CPU
		{6CEBD2DC-3736-4539-B0A7-F5EFB939FFC0}.Release|Any CPU.Build.0 = Release|Any CPU
		{477E97FB-C7A8-1D6E-B302-67A2EE683385}.Debug|Any CPU.ActiveCfg = Debug|Any CPU
		{477E97FB-C7A8-1D6E-B302-67A2EE683385}.Debug|Any CPU.Build.0 = Debug|Any CPU
		{477E97FB-C7A8-1D6E-B302-67A2EE683385}.Release|Any CPU.ActiveCfg = Release|Any CPU
		{477E97FB-C7A8-1D6E-B302-67A2EE683385}.Release|Any CPU.Build.0 = Release|Any CPU
		{9C4162C8-8706-42E5-A1EB-40668A67B7C4}.Debug|Any CPU.ActiveCfg = Debug|Any CPU
		{9C4162C8-8706-42E5-A1EB-40668A67B7C4}.Debug|Any CPU.Build.0 = Debug|Any CPU
		{9C4162C8-8706-42E5-A1EB-40668A67B7C4}.Release|Any CPU.ActiveCfg = Release|Any CPU
		{9C4162C8-8706-42E5-A1EB-40668A67B7C4}.Release|Any CPU.Build.0 = Release|Any CPU
		{D70D6EE8-40C1-4304-AED1-75B4A86C5713}.Debug|Any CPU.ActiveCfg = Debug|Any CPU
		{D70D6EE8-40C1-4304-AED1-75B4A86C5713}.Debug|Any CPU.Build.0 = Debug|Any CPU
		{D70D6EE8-40C1-4304-AED1-75B4A86C5713}.Release|Any CPU.ActiveCfg = Release|Any CPU
		{D70D6EE8-40C1-4304-AED1-75B4A86C5713}.Release|Any CPU.Build.0 = Release|Any CPU
		{2F281AC7-58C0-4AB9-8A4B-69AA4BB8352C}.Debug|Any CPU.ActiveCfg = Debug|Any CPU
		{2F281AC7-58C0-4AB9-8A4B-69AA4BB8352C}.Debug|Any CPU.Build.0 = Debug|Any CPU
		{2F281AC7-58C0-4AB9-8A4B-69AA4BB8352C}.Release|Any CPU.ActiveCfg = Release|Any CPU
		{2F281AC7-58C0-4AB9-8A4B-69AA4BB8352C}.Release|Any CPU.Build.0 = Release|Any CPU
		{E11FC4AA-3517-4925-BEF3-076D4D60259F}.Debug|Any CPU.ActiveCfg = Debug|Any CPU
		{E11FC4AA-3517-4925-BEF3-076D4D60259F}.Debug|Any CPU.Build.0 = Debug|Any CPU
		{E11FC4AA-3517-4925-BEF3-076D4D60259F}.Release|Any CPU.ActiveCfg = Release|Any CPU
		{E11FC4AA-3517-4925-BEF3-076D4D60259F}.Release|Any CPU.Build.0 = Release|Any CPU
		{E6AC2720-5235-4437-9381-2D515BC69130}.Debug|Any CPU.ActiveCfg = Debug|Any CPU
		{E6AC2720-5235-4437-9381-2D515BC69130}.Debug|Any CPU.Build.0 = Debug|Any CPU
		{E6AC2720-5235-4437-9381-2D515BC69130}.Release|Any CPU.ActiveCfg = Release|Any CPU
		{E6AC2720-5235-4437-9381-2D515BC69130}.Release|Any CPU.Build.0 = Release|Any CPU
		{51ECE4C8-CC2D-4F30-947C-077E1324499F}.Debug|Any CPU.ActiveCfg = Debug|Any CPU
		{51ECE4C8-CC2D-4F30-947C-077E1324499F}.Debug|Any CPU.Build.0 = Debug|Any CPU
		{51ECE4C8-CC2D-4F30-947C-077E1324499F}.Release|Any CPU.ActiveCfg = Release|Any CPU
		{51ECE4C8-CC2D-4F30-947C-077E1324499F}.Release|Any CPU.Build.0 = Release|Any CPU
		{6E8856FB-F233-420C-A2DC-5F3A2029450D}.Debug|Any CPU.ActiveCfg = Debug|Any CPU
		{6E8856FB-F233-420C-A2DC-5F3A2029450D}.Debug|Any CPU.Build.0 = Debug|Any CPU
		{6E8856FB-F233-420C-A2DC-5F3A2029450D}.Release|Any CPU.ActiveCfg = Release|Any CPU
		{6E8856FB-F233-420C-A2DC-5F3A2029450D}.Release|Any CPU.Build.0 = Release|Any CPU
	EndGlobalSection
	GlobalSection(SolutionProperties) = preSolution
		HideSolutionNode = FALSE
	EndGlobalSection
	GlobalSection(ExtensibilityGlobals) = postSolution
		SolutionGuid = {F24DC90F-A8C4-441B-97FA-65E02A216405}
	EndGlobalSection
EndGlobal
